
Microsoft Visual Studio Solution File, Format Version 12.00
# Visual Studio Version 16
VisualStudioVersion = 25.0.1705.0
MinimumVisualStudioVersion = 10.0.40219.1
Project("{FAE04EC0-301F-11D3-BF4B-00C04F79EFBC}") = "HRM", "HRM\HRM.csproj", "{656F34DD-A76E-4A8C-B782-B25023CB4E26}"
EndProject
Project("{2150E333-8FDC-42A3-9474-1A3956D46DE8}") = "Recruiting", "Recruiting", "{1952ADF3-5AB9-4EAE-A572-77620343B12E}"
EndProject
Project("{2150E333-8FDC-42A3-9474-1A3956D46DE8}") = "OnBoarding", "OnBoarding", "{74BB2EBC-18E5-468A-9B21-29130D3FF43F}"
EndProject
Project("{2150E333-8FDC-42A3-9474-1A3956D46DE8}") = "Interviews", "Interviews", "{321B8ABF-E7BC-419B-88BD-7DDFBC42ACF5}"
EndProject
Project("{2150E333-8FDC-42A3-9474-1A3956D46DE8}") = "Authentication", "Authentication", "{BB9D0285-CAF6-48E4-8B02-E92605836C40}"
EndProject
Project("{FAE04EC0-301F-11D3-BF4B-00C04F79EFBC}") = "RecruitingWeb", "Services\Recruiting\RecruitingWeb\RecruitingWeb.csproj", "{BDE9A237-288C-4792-A16E-D8295876A1B8}"
EndProject
Project("{FAE04EC0-301F-11D3-BF4B-00C04F79EFBC}") = "ApplicationCore", "Services\Recruiting\ApplicationCore\ApplicationCore.csproj", "{ACAF790F-3B47-4317-A56D-A6FA980EA7B9}"
EndProject
Project("{FAE04EC0-301F-11D3-BF4B-00C04F79EFBC}") = "Infrastructure", "Services\Recruiting\Infrastructure\Infrastructure.csproj", "{2C2B0166-2D99-4F0B-B348-B94C9D780DAB}"
EndProject
Project("{FAE04EC0-301F-11D3-BF4B-00C04F79EFBC}") = "Recruiting.API", "Services\Recruiting\Recruiting.API\Recruiting.API.csproj", "{F78275A9-6272-4FC1-887E-7EEF0D506F4A}"
EndProject
Project("{FAE04EC0-301F-11D3-BF4B-00C04F79EFBC}") = "OnBoarding.Infrastructure", "Services\OnBoarding\OnBoarding.Infrastructure\OnBoarding.Infrastructure.csproj", "{FEDAD1A4-16B5-4B3B-A9E9-EABB0A73F007}"
EndProject
Project("{FAE04EC0-301F-11D3-BF4B-00C04F79EFBC}") = "OnBoarding.API", "Services\OnBoarding\OnBoarding.API\OnBoarding.API.csproj", "{FACF020F-EF2C-4A8B-8AF9-A5A704591F14}"
EndProject
Project("{FAE04EC0-301F-11D3-BF4B-00C04F79EFBC}") = "OnBoarding.ApplicationCore", "Services\OnBoarding\OnBoarding.ApplicationCore\OnBoarding.ApplicationCore.csproj", "{E259D4D6-F5B1-4FA4-9F26-A79EED6C5990}"
EndProject
Project("{FAE04EC0-301F-11D3-BF4B-00C04F79EFBC}") = "Interviews.ApplicationCore", "Services\Interviews\Interviews.ApplicationCore\Interviews.ApplicationCore.csproj", "{FFAB8596-146C-48E3-B6D2-DF8E3565EB39}"
EndProject
Project("{FAE04EC0-301F-11D3-BF4B-00C04F79EFBC}") = "Interviews.Infrastructure", "Services\Interviews\Interviews.Infrastructure\Interviews.Infrastructure.csproj", "{CDF40BDD-4CD2-450B-9C4F-27E31F86467F}"
EndProject
Project("{FAE04EC0-301F-11D3-BF4B-00C04F79EFBC}") = "Interviews.API", "Services\Interviews\Interviews.API\Interviews.API.csproj", "{8898E524-74B6-493D-AF99-B762DAFAAA63}"
EndProject
Project("{FAE04EC0-301F-11D3-BF4B-00C04F79EFBC}") = "Authentication.API", "Services\Authentication\Authentication.API\Authentication.API.csproj", "{A9F03289-E3EA-41CD-8F3C-F17BE7F4D8B2}"
EndProject
Project("{2150E333-8FDC-42A3-9474-1A3956D46DE8}") = "Services", "Services", "{E3D60043-9253-477D-AAD6-FFE6C32971E0}"
EndProject
Project("{E53339B2-1760-4266-BCC7-CA923CBCF16C}") = "docker-compose", "docker-compose.dcproj", "{04748738-C318-4F0E-8162-C24452A72B4F}"
EndProject
Global
	GlobalSection(SolutionConfigurationPlatforms) = preSolution
		Debug|Any CPU = Debug|Any CPU
		Release|Any CPU = Release|Any CPU
	EndGlobalSection
	GlobalSection(ProjectConfigurationPlatforms) = postSolution
		{656F34DD-A76E-4A8C-B782-B25023CB4E26}.Debug|Any CPU.ActiveCfg = Debug|Any CPU
		{656F34DD-A76E-4A8C-B782-B25023CB4E26}.Debug|Any CPU.Build.0 = Debug|Any CPU
		{656F34DD-A76E-4A8C-B782-B25023CB4E26}.Release|Any CPU.ActiveCfg = Release|Any CPU
		{656F34DD-A76E-4A8C-B782-B25023CB4E26}.Release|Any CPU.Build.0 = Release|Any CPU
		{BDE9A237-288C-4792-A16E-D8295876A1B8}.Debug|Any CPU.ActiveCfg = Debug|Any CPU
		{BDE9A237-288C-4792-A16E-D8295876A1B8}.Debug|Any CPU.Build.0 = Debug|Any CPU
		{BDE9A237-288C-4792-A16E-D8295876A1B8}.Release|Any CPU.ActiveCfg = Release|Any CPU
		{BDE9A237-288C-4792-A16E-D8295876A1B8}.Release|Any CPU.Build.0 = Release|Any CPU
		{ACAF790F-3B47-4317-A56D-A6FA980EA7B9}.Debug|Any CPU.ActiveCfg = Debug|Any CPU
		{ACAF790F-3B47-4317-A56D-A6FA980EA7B9}.Debug|Any CPU.Build.0 = Debug|Any CPU
		{ACAF790F-3B47-4317-A56D-A6FA980EA7B9}.Release|Any CPU.ActiveCfg = Release|Any CPU
		{ACAF790F-3B47-4317-A56D-A6FA980EA7B9}.Release|Any CPU.Build.0 = Release|Any CPU
		{2C2B0166-2D99-4F0B-B348-B94C9D780DAB}.Debug|Any CPU.ActiveCfg = Debug|Any CPU
		{2C2B0166-2D99-4F0B-B348-B94C9D780DAB}.Debug|Any CPU.Build.0 = Debug|Any CPU
		{2C2B0166-2D99-4F0B-B348-B94C9D780DAB}.Release|Any CPU.ActiveCfg = Release|Any CPU
		{2C2B0166-2D99-4F0B-B348-B94C9D780DAB}.Release|Any CPU.Build.0 = Release|Any CPU
		{F78275A9-6272-4FC1-887E-7EEF0D506F4A}.Debug|Any CPU.ActiveCfg = Debug|Any CPU
		{F78275A9-6272-4FC1-887E-7EEF0D506F4A}.Debug|Any CPU.Build.0 = Debug|Any CPU
		{F78275A9-6272-4FC1-887E-7EEF0D506F4A}.Release|Any CPU.ActiveCfg = Release|Any CPU
		{F78275A9-6272-4FC1-887E-7EEF0D506F4A}.Release|Any CPU.Build.0 = Release|Any CPU
		{FEDAD1A4-16B5-4B3B-A9E9-EABB0A73F007}.Debug|Any CPU.ActiveCfg = Debug|Any CPU
		{FEDAD1A4-16B5-4B3B-A9E9-EABB0A73F007}.Debug|Any CPU.Build.0 = Debug|Any CPU
		{FEDAD1A4-16B5-4B3B-A9E9-EABB0A73F007}.Release|Any CPU.ActiveCfg = Release|Any CPU
		{FEDAD1A4-16B5-4B3B-A9E9-EABB0A73F007}.Release|Any CPU.Build.0 = Release|Any CPU
		{FACF020F-EF2C-4A8B-8AF9-A5A704591F14}.Debug|Any CPU.ActiveCfg = Debug|Any CPU
		{FACF020F-EF2C-4A8B-8AF9-A5A704591F14}.Debug|Any CPU.Build.0 = Debug|Any CPU
		{FACF020F-EF2C-4A8B-8AF9-A5A704591F14}.Release|Any CPU.ActiveCfg = Release|Any CPU
		{FACF020F-EF2C-4A8B-8AF9-A5A704591F14}.Release|Any CPU.Build.0 = Release|Any CPU
		{E259D4D6-F5B1-4FA4-9F26-A79EED6C5990}.Debug|Any CPU.ActiveCfg = Debug|Any CPU
		{E259D4D6-F5B1-4FA4-9F26-A79EED6C5990}.Debug|Any CPU.Build.0 = Debug|Any CPU
		{E259D4D6-F5B1-4FA4-9F26-A79EED6C5990}.Release|Any CPU.ActiveCfg = Release|Any CPU
		{E259D4D6-F5B1-4FA4-9F26-A79EED6C5990}.Release|Any CPU.Build.0 = Release|Any CPU
		{FFAB8596-146C-48E3-B6D2-DF8E3565EB39}.Debug|Any CPU.ActiveCfg = Debug|Any CPU
		{FFAB8596-146C-48E3-B6D2-DF8E3565EB39}.Debug|Any CPU.Build.0 = Debug|Any CPU
		{FFAB8596-146C-48E3-B6D2-DF8E3565EB39}.Release|Any CPU.ActiveCfg = Release|Any CPU
		{FFAB8596-146C-48E3-B6D2-DF8E3565EB39}.Release|Any CPU.Build.0 = Release|Any CPU
		{CDF40BDD-4CD2-450B-9C4F-27E31F86467F}.Debug|Any CPU.ActiveCfg = Debug|Any CPU
		{CDF40BDD-4CD2-450B-9C4F-27E31F86467F}.Debug|Any CPU.Build.0 = Debug|Any CPU
		{CDF40BDD-4CD2-450B-9C4F-27E31F86467F}.Release|Any CPU.ActiveCfg = Release|Any CPU
		{CDF40BDD-4CD2-450B-9C4F-27E31F86467F}.Release|Any CPU.Build.0 = Release|Any CPU
		{8898E524-74B6-493D-AF99-B762DAFAAA63}.Debug|Any CPU.ActiveCfg = Debug|Any CPU
		{8898E524-74B6-493D-AF99-B762DAFAAA63}.Debug|Any CPU.Build.0 = Debug|Any CPU
		{8898E524-74B6-493D-AF99-B762DAFAAA63}.Release|Any CPU.ActiveCfg = Release|Any CPU
		{8898E524-74B6-493D-AF99-B762DAFAAA63}.Release|Any CPU.Build.0 = Release|Any CPU
		{A9F03289-E3EA-41CD-8F3C-F17BE7F4D8B2}.Debug|Any CPU.ActiveCfg = Debug|Any CPU
		{A9F03289-E3EA-41CD-8F3C-F17BE7F4D8B2}.Debug|Any CPU.Build.0 = Debug|Any CPU
		{A9F03289-E3EA-41CD-8F3C-F17BE7F4D8B2}.Release|Any CPU.ActiveCfg = Release|Any CPU
		{A9F03289-E3EA-41CD-8F3C-F17BE7F4D8B2}.Release|Any CPU.Build.0 = Release|Any CPU
		{04748738-C318-4F0E-8162-C24452A72B4F}.Debug|Any CPU.ActiveCfg = Debug|Any CPU
		{04748738-C318-4F0E-8162-C24452A72B4F}.Debug|Any CPU.Build.0 = Debug|Any CPU
		{04748738-C318-4F0E-8162-C24452A72B4F}.Release|Any CPU.ActiveCfg = Release|Any CPU
		{04748738-C318-4F0E-8162-C24452A72B4F}.Release|Any CPU.Build.0 = Release|Any CPU
	EndGlobalSection
	GlobalSection(SolutionProperties) = preSolution
		HideSolutionNode = FALSE
	EndGlobalSection
	GlobalSection(ExtensibilityGlobals) = postSolution
		SolutionGuid = {BDA3E56B-574A-4163-9D4C-6A06A0646A37}
	EndGlobalSection
	GlobalSection(NestedProjects) = preSolution
		{BDE9A237-288C-4792-A16E-D8295876A1B8} = {1952ADF3-5AB9-4EAE-A572-77620343B12E}
		{ACAF790F-3B47-4317-A56D-A6FA980EA7B9} = {1952ADF3-5AB9-4EAE-A572-77620343B12E}
		{2C2B0166-2D99-4F0B-B348-B94C9D780DAB} = {1952ADF3-5AB9-4EAE-A572-77620343B12E}
		{F78275A9-6272-4FC1-887E-7EEF0D506F4A} = {1952ADF3-5AB9-4EAE-A572-77620343B12E}
		{FEDAD1A4-16B5-4B3B-A9E9-EABB0A73F007} = {74BB2EBC-18E5-468A-9B21-29130D3FF43F}
		{FACF020F-EF2C-4A8B-8AF9-A5A704591F14} = {74BB2EBC-18E5-468A-9B21-29130D3FF43F}
		{E259D4D6-F5B1-4FA4-9F26-A79EED6C5990} = {74BB2EBC-18E5-468A-9B21-29130D3FF43F}
		{FFAB8596-146C-48E3-B6D2-DF8E3565EB39} = {321B8ABF-E7BC-419B-88BD-7DDFBC42ACF5}
		{CDF40BDD-4CD2-450B-9C4F-27E31F86467F} = {321B8ABF-E7BC-419B-88BD-7DDFBC42ACF5}
		{8898E524-74B6-493D-AF99-B762DAFAAA63} = {321B8ABF-E7BC-419B-88BD-7DDFBC42ACF5}
		{A9F03289-E3EA-41CD-8F3C-F17BE7F4D8B2} = {BB9D0285-CAF6-48E4-8B02-E92605836C40}
		{BB9D0285-CAF6-48E4-8B02-E92605836C40} = {E3D60043-9253-477D-AAD6-FFE6C32971E0}
		{321B8ABF-E7BC-419B-88BD-7DDFBC42ACF5} = {E3D60043-9253-477D-AAD6-FFE6C32971E0}
		{74BB2EBC-18E5-468A-9B21-29130D3FF43F} = {E3D60043-9253-477D-AAD6-FFE6C32971E0}
		{1952ADF3-5AB9-4EAE-A572-77620343B12E} = {E3D60043-9253-477D-AAD6-FFE6C32971E0}
	EndGlobalSection
EndGlobal
